{
  "name": "fastfluxanalysis-master",
  "lockfileVersion": 2,
  "requires": true,
  "packages": {
    "": {
      "dependencies": {
        "resolv-conf": "^1.0.3"
      }
    },
    "node_modules/resolv-conf": {
      "version": "1.0.3",
      "resolved": "https://registry.npmjs.org/resolv-conf/-/resolv-conf-1.0.3.tgz",
      "integrity": "sha512-eTjQz1+3MWOnjZ5FE/JvA4EEFhZViNhz3YAO5z5K1qnQUvULl8RJGPMxBTCJNGNVYZANWqsja0nNAnWWW35zZg==",
      "engines": {
        "node": ">=14.15"
      }
    }
  },
  "dependencies": {
    "resolv-conf": {
      "version": "1.0.3",
      "resolved": "https://registry.npmjs.org/resolv-conf/-/resolv-conf-1.0.3.tgz",
      "integrity": "sha512-eTjQz1+3MWOnjZ5FE/JvA4EEFhZViNhz3YAO5z5K1qnQUvULl8RJGPMxBTCJNGNVYZANWqsja0nNAnWWW35zZg=="
    }
  }
}
